
Microsoft Visual Studio Solution File, Format Version 12.00
# Visual Studio 15
VisualStudioVersion = 15.0.28307.645
MinimumVisualStudioVersion = 10.0.40219.1
Project("{FAE04EC0-301F-11D3-BF4B-00C04F79EFBC}") = "VeryNewMarx.Android", "VeryNewMarx\VeryNewMarx.Android\VeryNewMarx.Android.csproj", "{01674D0C-2029-4752-B539-1942A8E18033}"
EndProject
Project("{FAE04EC0-301F-11D3-BF4B-00C04F79EFBC}") = "VeryNewMarx.iOS", "VeryNewMarx\VeryNewMarx.iOS\VeryNewMarx.iOS.csproj", "{E9E2D81E-7930-44E6-810A-75BE37356826}"
EndProject
Project("{FAE04EC0-301F-11D3-BF4B-00C04F79EFBC}") = "VeryNewMarx.UWP", "VeryNewMarx\VeryNewMarx.UWP\VeryNewMarx.UWP.csproj", "{F77437AE-593A-4B30-99FC-F8A7DD895A9E}"
EndProject
Project("{9A19103F-16F7-4668-BE54-9A1E7A4F7556}") = "VeryNewMarx", "VeryNewMarx\VeryNewMarx\VeryNewMarx.csproj", "{B7A21FD0-F5FE-4AC7-803B-68A820B75CC3}"
EndProject
Project("{2150E333-8FDC-42A3-9474-1A3956D46DE8}") = "Solution Items", "Solution Items", "{9F3B2770-CD2C-43B8-8E91-67F4E8A0C9FD}"
	ProjectSection(SolutionItems) = preProject
		.editorconfig = .editorconfig
	EndProjectSection
EndProject
Global
	GlobalSection(SolutionConfigurationPlatforms) = preSolution
		Debug|Any CPU = Debug|Any CPU
		Debug|ARM = Debug|ARM
		Debug|iPhone = Debug|iPhone
		Debug|iPhoneSimulator = Debug|iPhoneSimulator
		Debug|x64 = Debug|x64
		Debug|x86 = Debug|x86
		Release|Any CPU = Release|Any CPU
		Release|ARM = Release|ARM
		Release|iPhone = Release|iPhone
		Release|iPhoneSimulator = Release|iPhoneSimulator
		Release|x64 = Release|x64
		Release|x86 = Release|x86
	EndGlobalSection
	GlobalSection(ProjectConfigurationPlatforms) = postSolution
		{01674D0C-2029-4752-B539-1942A8E18033}.Debug|Any CPU.ActiveCfg = Debug|Any CPU
		{01674D0C-2029-4752-B539-1942A8E18033}.Debug|Any CPU.Build.0 = Debug|Any CPU
		{01674D0C-2029-4752-B539-1942A8E18033}.Debug|Any CPU.Deploy.0 = Debug|Any CPU
		{01674D0C-2029-4752-B539-1942A8E18033}.Debug|ARM.ActiveCfg = Debug|Any CPU
		{01674D0C-2029-4752-B539-1942A8E18033}.Debug|ARM.Build.0 = Debug|Any CPU
		{01674D0C-2029-4752-B539-1942A8E18033}.Debug|ARM.Deploy.0 = Debug|Any CPU
		{01674D0C-2029-4752-B539-1942A8E18033}.Debug|iPhone.ActiveCfg = Debug|Any CPU
		{01674D0C-2029-4752-B539-1942A8E18033}.Debug|iPhone.Build.0 = Debug|Any CPU
		{01674D0C-2029-4752-B539-1942A8E18033}.Debug|iPhone.Deploy.0 = Debug|Any CPU
		{01674D0C-2029-4752-B539-1942A8E18033}.Debug|iPhoneSimulator.ActiveCfg = Debug|Any CPU
		{01674D0C-2029-4752-B539-1942A8E18033}.Debug|iPhoneSimulator.Build.0 = Debug|Any CPU
		{01674D0C-2029-4752-B539-1942A8E18033}.Debug|iPhoneSimulator.Deploy.0 = Debug|Any CPU
		{01674D0C-2029-4752-B539-1942A8E18033}.Debug|x64.ActiveCfg = Debug|Any CPU
		{01674D0C-2029-4752-B539-1942A8E18033}.Debug|x64.Build.0 = Debug|Any CPU
		{01674D0C-2029-4752-B539-1942A8E18033}.Debug|x64.Deploy.0 = Debug|Any CPU
		{01674D0C-2029-4752-B539-1942A8E18033}.Debug|x86.ActiveCfg = Debug|Any CPU
		{01674D0C-2029-4752-B539-1942A8E18033}.Debug|x86.Build.0 = Debug|Any CPU
		{01674D0C-2029-4752-B539-1942A8E18033}.Debug|x86.Deploy.0 = Debug|Any CPU
		{01674D0C-2029-4752-B539-1942A8E18033}.Release|Any CPU.ActiveCfg = Release|Any CPU
		{01674D0C-2029-4752-B539-1942A8E18033}.Release|Any CPU.Build.0 = Release|Any CPU
		{01674D0C-2029-4752-B539-1942A8E18033}.Release|Any CPU.Deploy.0 = Release|Any CPU
		{01674D0C-2029-4752-B539-1942A8E18033}.Release|ARM.ActiveCfg = Release|Any CPU
		{01674D0C-2029-4752-B539-1942A8E18033}.Release|ARM.Build.0 = Release|Any CPU
		{01674D0C-2029-4752-B539-1942A8E18033}.Release|ARM.Deploy.0 = Release|Any CPU
		{01674D0C-2029-4752-B539-1942A8E18033}.Release|iPhone.ActiveCfg = Release|Any CPU
		{01674D0C-2029-4752-B539-1942A8E18033}.Release|iPhone.Build.0 = Release|Any CPU
		{01674D0C-2029-4752-B539-1942A8E18033}.Release|iPhone.Deploy.0 = Release|Any CPU
		{01674D0C-2029-4752-B539-1942A8E18033}.Release|iPhoneSimulator.ActiveCfg = Release|Any CPU
		{01674D0C-2029-4752-B539-1942A8E18033}.Release|iPhoneSimulator.Build.0 = Release|Any CPU
		{01674D0C-2029-4752-B539-1942A8E18033}.Release|iPhoneSimulator.Deploy.0 = Release|Any CPU
		{01674D0C-2029-4752-B539-1942A8E18033}.Release|x64.ActiveCfg = Release|Any CPU
		{01674D0C-2029-4752-B539-1942A8E18033}.Release|x64.Build.0 = Release|Any CPU
		{01674D0C-2029-4752-B539-1942A8E18033}.Release|x64.Deploy.0 = Release|Any CPU
		{01674D0C-2029-4752-B539-1942A8E18033}.Release|x86.ActiveCfg = Release|Any CPU
		{01674D0C-2029-4752-B539-1942A8E18033}.Release|x86.Build.0 = Release|Any CPU
		{01674D0C-2029-4752-B539-1942A8E18033}.Release|x86.Deploy.0 = Release|Any CPU
		{E9E2D81E-7930-44E6-810A-75BE37356826}.Debug|Any CPU.ActiveCfg = Debug|iPhoneSimulator
		{E9E2D81E-7930-44E6-810A-75BE37356826}.Debug|Any CPU.Build.0 = Debug|iPhoneSimulator
		{E9E2D81E-7930-44E6-810A-75BE37356826}.Debug|Any CPU.Deploy.0 = Debug|iPhoneSimulator
		{E9E2D81E-7930-44E6-810A-75BE37356826}.Debug|ARM.ActiveCfg = Debug|iPhone
		{E9E2D81E-7930-44E6-810A-75BE37356826}.Debug|ARM.Build.0 = Debug|iPhone
		{E9E2D81E-7930-44E6-810A-75BE37356826}.Debug|ARM.Deploy.0 = Debug|iPhone
		{E9E2D81E-7930-44E6-810A-75BE37356826}.Debug|iPhone.ActiveCfg = Debug|iPhone
		{E9E2D81E-7930-44E6-810A-75BE37356826}.Debug|iPhone.Build.0 = Debug|iPhone
		{E9E2D81E-7930-44E6-810A-75BE37356826}.Debug|iPhone.Deploy.0 = Debug|iPhone
		{E9E2D81E-7930-44E6-810A-75BE37356826}.Debug|iPhoneSimulator.ActiveCfg = Debug|iPhoneSimulator
		{E9E2D81E-7930-44E6-810A-75BE37356826}.Debug|iPhoneSimulator.Build.0 = Debug|iPhoneSimulator
		{E9E2D81E-7930-44E6-810A-75BE37356826}.Debug|iPhoneSimulator.Deploy.0 = Debug|iPhoneSimulator
		{E9E2D81E-7930-44E6-810A-75BE37356826}.Debug|x64.ActiveCfg = Debug|iPhone
		{E9E2D81E-7930-44E6-810A-75BE37356826}.Debug|x64.Build.0 = Debug|iPhone
		{E9E2D81E-7930-44E6-810A-75BE37356826}.Debug|x64.Deploy.0 = Debug|iPhone
		{E9E2D81E-7930-44E6-810A-75BE37356826}.Debug|x86.ActiveCfg = Debug|iPhone
		{E9E2D81E-7930-44E6-810A-75BE37356826}.Debug|x86.Build.0 = Debug|iPhone
		{E9E2D81E-7930-44E6-810A-75BE37356826}.Debug|x86.Deploy.0 = Debug|iPhone
		{E9E2D81E-7930-44E6-810A-75BE37356826}.Release|Any CPU.ActiveCfg = Release|iPhone
		{E9E2D81E-7930-44E6-810A-75BE37356826}.Release|Any CPU.Build.0 = Release|iPhone
		{E9E2D81E-7930-44E6-810A-75BE37356826}.Release|Any CPU.Deploy.0 = Release|iPhone
		{E9E2D81E-7930-44E6-810A-75BE37356826}.Release|ARM.ActiveCfg = Release|iPhone
		{E9E2D81E-7930-44E6-810A-75BE37356826}.Release|ARM.Build.0 = Release|iPhone
		{E9E2D81E-7930-44E6-810A-75BE37356826}.Release|ARM.Deploy.0 = Release|iPhone
		{E9E2D81E-7930-44E6-810A-75BE37356826}.Release|iPhone.ActiveCfg = Release|iPhone
		{E9E2D81E-7930-44E6-810A-75BE37356826}.Release|iPhone.Build.0 = Release|iPhone
		{E9E2D81E-7930-44E6-810A-75BE37356826}.Release|iPhone.Deploy.0 = Release|iPhone
		{E9E2D81E-7930-44E6-810A-75BE37356826}.Release|iPhoneSimulator.ActiveCfg = Release|iPhoneSimulator
		{E9E2D81E-7930-44E6-810A-75BE37356826}.Release|iPhoneSimulator.Build.0 = Release|iPhoneSimulator
		{E9E2D81E-7930-44E6-810A-75BE37356826}.Release|iPhoneSimulator.Deploy.0 = Release|iPhoneSimulator
		{E9E2D81E-7930-44E6-810A-75BE37356826}.Release|x64.ActiveCfg = Release|iPhone
		{E9E2D81E-7930-44E6-810A-75BE37356826}.Release|x64.Build.0 = Release|iPhone
		{E9E2D81E-7930-44E6-810A-75BE37356826}.Release|x64.Deploy.0 = Release|iPhone
		{E9E2D81E-7930-44E6-810A-75BE37356826}.Release|x86.ActiveCfg = Release|iPhone
		{E9E2D81E-7930-44E6-810A-75BE37356826}.Release|x86.Build.0 = Release|iPhone
		{E9E2D81E-7930-44E6-810A-75BE37356826}.Release|x86.Deploy.0 = Release|iPhone
		{F77437AE-593A-4B30-99FC-F8A7DD895A9E}.Debug|Any CPU.ActiveCfg = Debug|x86
		{F77437AE-593A-4B30-99FC-F8A7DD895A9E}.Debug|Any CPU.Build.0 = Debug|x86
		{F77437AE-593A-4B30-99FC-F8A7DD895A9E}.Debug|Any CPU.Deploy.0 = Debug|x86
		{F77437AE-593A-4B30-99FC-F8A7DD895A9E}.Debug|ARM.ActiveCfg = Debug|ARM
		{F77437AE-593A-4B30-99FC-F8A7DD895A9E}.Debug|ARM.Build.0 = Debug|ARM
		{F77437AE-593A-4B30-99FC-F8A7DD895A9E}.Debug|ARM.Deploy.0 = Debug|ARM
		{F77437AE-593A-4B30-99FC-F8A7DD895A9E}.Debug|iPhone.ActiveCfg = Debug|x86
		{F77437AE-593A-4B30-99FC-F8A7DD895A9E}.Debug|iPhone.Build.0 = Debug|x86
		{F77437AE-593A-4B30-99FC-F8A7DD895A9E}.Debug|iPhone.Deploy.0 = Debug|x86
		{F77437AE-593A-4B30-99FC-F8A7DD895A9E}.Debug|iPhoneSimulator.ActiveCfg = Debug|x86
		{F77437AE-593A-4B30-99FC-F8A7DD895A9E}.Debug|iPhoneSimulator.Build.0 = Debug|x86
		{F77437AE-593A-4B30-99FC-F8A7DD895A9E}.Debug|iPhoneSimulator.Deploy.0 = Debug|x86
		{F77437AE-593A-4B30-99FC-F8A7DD895A9E}.Debug|x64.ActiveCfg = Debug|x64
		{F77437AE-593A-4B30-99FC-F8A7DD895A9E}.Debug|x64.Build.0 = Debug|x64
		{F77437AE-593A-4B30-99FC-F8A7DD895A9E}.Debug|x64.Deploy.0 = Debug|x64
		{F77437AE-593A-4B30-99FC-F8A7DD895A9E}.Debug|x86.ActiveCfg = Debug|x86
		{F77437AE-593A-4B30-99FC-F8A7DD895A9E}.Debug|x86.Build.0 = Debug|x86
		{F77437AE-593A-4B30-99FC-F8A7DD895A9E}.Debug|x86.Deploy.0 = Debug|x86
		{F77437AE-593A-4B30-99FC-F8A7DD895A9E}.Release|Any CPU.ActiveCfg = Release|x86
		{F77437AE-593A-4B30-99FC-F8A7DD895A9E}.Release|Any CPU.Build.0 = Release|x86
		{F77437AE-593A-4B30-99FC-F8A7DD895A9E}.Release|Any CPU.Deploy.0 = Release|x86
		{F77437AE-593A-4B30-99FC-F8A7DD895A9E}.Release|ARM.ActiveCfg = Release|ARM
		{F77437AE-593A-4B30-99FC-F8A7DD895A9E}.Release|ARM.Build.0 = Release|ARM
		{F77437AE-593A-4B30-99FC-F8A7DD895A9E}.Release|ARM.Deploy.0 = Release|ARM
		{F77437AE-593A-4B30-99FC-F8A7DD895A9E}.Release|iPhone.ActiveCfg = Release|x86
		{F77437AE-593A-4B30-99FC-F8A7DD895A9E}.Release|iPhone.Build.0 = Release|x86
		{F77437AE-593A-4B30-99FC-F8A7DD895A9E}.Release|iPhone.Deploy.0 = Release|x86
		{F77437AE-593A-4B30-99FC-F8A7DD895A9E}.Release|iPhoneSimulator.ActiveCfg = Release|x86
		{F77437AE-593A-4B30-99FC-F8A7DD895A9E}.Release|iPhoneSimulator.Build.0 = Release|x86
		{F77437AE-593A-4B30-99FC-F8A7DD895A9E}.Release|iPhoneSimulator.Deploy.0 = Release|x86
		{F77437AE-593A-4B30-99FC-F8A7DD895A9E}.Release|x64.ActiveCfg = Release|x64
		{F77437AE-593A-4B30-99FC-F8A7DD895A9E}.Release|x64.Build.0 = Release|x64
		{F77437AE-593A-4B30-99FC-F8A7DD895A9E}.Release|x64.Deploy.0 = Release|x64
		{F77437AE-593A-4B30-99FC-F8A7DD895A9E}.Release|x86.ActiveCfg = Release|x86
		{F77437AE-593A-4B30-99FC-F8A7DD895A9E}.Release|x86.Build.0 = Release|x86
		{F77437AE-593A-4B30-99FC-F8A7DD895A9E}.Release|x86.Deploy.0 = Release|x86
		{B7A21FD0-F5FE-4AC7-803B-68A820B75CC3}.Debug|Any CPU.ActiveCfg = Debug|Any CPU
		{B7A21FD0-F5FE-4AC7-803B-68A820B75CC3}.Debug|Any CPU.Build.0 = Debug|Any CPU
		{B7A21FD0-F5FE-4AC7-803B-68A820B75CC3}.Debug|Any CPU.Deploy.0 = Debug|Any CPU
		{B7A21FD0-F5FE-4AC7-803B-68A820B75CC3}.Debug|ARM.ActiveCfg = Debug|Any CPU
		{B7A21FD0-F5FE-4AC7-803B-68A820B75CC3}.Debug|ARM.Build.0 = Debug|Any CPU
		{B7A21FD0-F5FE-4AC7-803B-68A820B75CC3}.Debug|ARM.Deploy.0 = Debug|Any CPU
		{B7A21FD0-F5FE-4AC7-803B-68A820B75CC3}.Debug|iPhone.ActiveCfg = Debug|Any CPU
		{B7A21FD0-F5FE-4AC7-803B-68A820B75CC3}.Debug|iPhone.Build.0 = Debug|Any CPU
		{B7A21FD0-F5FE-4AC7-803B-68A820B75CC3}.Debug|iPhone.Deploy.0 = Debug|Any CPU
		{B7A21FD0-F5FE-4AC7-803B-68A820B75CC3}.Debug|iPhoneSimulator.ActiveCfg = Debug|Any CPU
		{B7A21FD0-F5FE-4AC7-803B-68A820B75CC3}.Debug|iPhoneSimulator.Build.0 = Debug|Any CPU
		{B7A21FD0-F5FE-4AC7-803B-68A820B75CC3}.Debug|iPhoneSimulator.Deploy.0 = Debug|Any CPU
		{B7A21FD0-F5FE-4AC7-803B-68A820B75CC3}.Debug|x64.ActiveCfg = Debug|Any CPU
		{B7A21FD0-F5FE-4AC7-803B-68A820B75CC3}.Debug|x64.Build.0 = Debug|Any CPU
		{B7A21FD0-F5FE-4AC7-803B-68A820B75CC3}.Debug|x64.Deploy.0 = Debug|Any CPU
		{B7A21FD0-F5FE-4AC7-803B-68A820B75CC3}.Debug|x86.ActiveCfg = Debug|Any CPU
		{B7A21FD0-F5FE-4AC7-803B-68A820B75CC3}.Debug|x86.Build.0 = Debug|Any CPU
		{B7A21FD0-F5FE-4AC7-803B-68A820B75CC3}.Debug|x86.Deploy.0 = Debug|Any CPU
		{B7A21FD0-F5FE-4AC7-803B-68A820B75CC3}.Release|Any CPU.ActiveCfg = Release|Any CPU
		{B7A21FD0-F5FE-4AC7-803B-68A820B75CC3}.Release|Any CPU.Build.0 = Release|Any CPU
		{B7A21FD0-F5FE-4AC7-803B-68A820B75CC3}.Release|Any CPU.Deploy.0 = Release|Any CPU
		{B7A21FD0-F5FE-4AC7-803B-68A820B75CC3}.Release|ARM.ActiveCfg = Release|Any CPU
		{B7A21FD0-F5FE-4AC7-803B-68A820B75CC3}.Release|ARM.Build.0 = Release|Any CPU
		{B7A21FD0-F5FE-4AC7-803B-68A820B75CC3}.Release|ARM.Deploy.0 = Release|Any CPU
		{B7A21FD0-F5FE-4AC7-803B-68A820B75CC3}.Release|iPhone.ActiveCfg = Release|Any CPU
		{B7A21FD0-F5FE-4AC7-803B-68A820B75CC3}.Release|iPhone.Build.0 = Release|Any CPU
		{B7A21FD0-F5FE-4AC7-803B-68A820B75CC3}.Release|iPhone.Deploy.0 = Release|Any CPU
		{B7A21FD0-F5FE-4AC7-803B-68A820B75CC3}.Release|iPhoneSimulator.ActiveCfg = Release|Any CPU
		{B7A21FD0-F5FE-4AC7-803B-68A820B75CC3}.Release|iPhoneSimulator.Build.0 = Release|Any CPU
		{B7A21FD0-F5FE-4AC7-803B-68A820B75CC3}.Release|iPhoneSimulator.Deploy.0 = Release|Any CPU
		{B7A21FD0-F5FE-4AC7-803B-68A820B75CC3}.Release|x64.ActiveCfg = Release|Any CPU
		{B7A21FD0-F5FE-4AC7-803B-68A820B75CC3}.Release|x64.Build.0 = Release|Any CPU
		{B7A21FD0-F5FE-4AC7-803B-68A820B75CC3}.Release|x64.Deploy.0 = Release|Any CPU
		{B7A21FD0-F5FE-4AC7-803B-68A820B75CC3}.Release|x86.ActiveCfg = Release|Any CPU
		{B7A21FD0-F5FE-4AC7-803B-68A820B75CC3}.Release|x86.Build.0 = Release|Any CPU
		{B7A21FD0-F5FE-4AC7-803B-68A820B75CC3}.Release|x86.Deploy.0 = Release|Any CPU
	EndGlobalSection
	GlobalSection(SolutionProperties) = preSolution
		HideSolutionNode = FALSE
	EndGlobalSection
	GlobalSection(ExtensibilityGlobals) = postSolution
		SolutionGuid = {900A2C8B-9165-4F90-AA3B-40CEAA7D3000}
	EndGlobalSection
EndGlobal
